// !$*UTF8*$!
{
	archiveVersion = 1;
	classes = {
	};
	objectVersion = 77;
	objects = {

/* Begin PBXBuildFile section */
		E2C024402F7B5CA4009B2B56 /* RealmSwift in Frameworks */ = {isa = PBXBuildFile; productRef = E2C0243F2F7B5CA4009B2B56 /* RealmSwift */; };
		E2C024442F7B65C5009B2B56 /* RealmSwift in Embed Frameworks */ = {isa = PBXBuildFile; productRef = E2C0243F2F7B5CA4009B2B56 /* RealmSwift */; settings = {ATTRIBUTES = (CodeSignOnCopy, ); }; };
/* End PBXBuildFile section */

/* Begin PBXContainerItemProxy section */
		E2C023502F7B58E7009B2B56 /* PBXContainerItemProxy */ = {
			isa = PBXContainerItemProxy;
			containerPortal = E2C0233A2F7B58E3009B2B56 /* Project object */;
			proxyType = 1;
			remoteGlobalIDString = E2C023412F7B58E3009B2B56;
			remoteInfo = Spotchek;
		};
		E2C0235A2F7B58E7009B2B56 /* PBXContainerItemProxy */ = {
			isa = PBXContainerItemProxy;
			containerPortal = E2C0233A2F7B58E3009B2B56 /* Project object */;
			proxyType = 1;
			remoteGlobalIDString = E2C023412F7B58E3009B2B56;
			remoteInfo = Spotchek;
		};
/* End PBXContainerItemProxy section */

/* Begin PBXCopyFilesBuildPhase section */
		E2C024452F7B65C5009B2B56 /* Embed Frameworks */ = {
			isa = PBXCopyFilesBuildPhase;
			buildActionMask = 2147483647;
			dstPath = "";
			dstSubfolderSpec = 10;
			files = (
				E2C024442F7B65C5009B2B56 /* RealmSwift in Embed Frameworks */,
			);
			name = "Embed Frameworks";
			runOnlyForDeploymentPostprocessing = 0;
		};
/* End PBXCopyFilesBuildPhase section */

/* Begin PBXFileReference section */
		E2C023422F7B58E3009B2B56 /* Spotchek.app */ = {isa = PBXFileReference; explicitFileType = wrapper.application; includeInIndex = 0; path = Spotchek.app; sourceTree = BUILT_PRODUCTS_DIR; };
		E2C0234F2F7B58E7009B2B56 /* SpotchekTests.xctest */ = {isa = PBXFileReference; explicitFileType = wrapper.cfbundle; includeInIndex = 0; path = SpotchekTests.xctest; sourceTree = BUILT_PRODUCTS_DIR; };
		E2C023592F7B58E7009B2B56 /* SpotchekUITests.xctest */ = {isa = PBXFileReference; explicitFileType = wrapper.cfbundle; includeInIndex = 0; path = SpotchekUITests.xctest; sourceTree = BUILT_PRODUCTS_DIR; };
/* End PBXFileReference section */

/* Begin PBXFileSystemSynchronizedBuildFileExceptionSet section */
		E2C024432F7B60C9009B2B56 /* Exceptions for "Spotchek" folder in "Spotchek" target */ = {
			isa = PBXFileSystemSynchronizedBuildFileExceptionSet;
			membershipExceptions = (
				Info.plist,
			);
			target = E2C023412F7B58E3009B2B56 /* Spotchek */;
		};
/* End PBXFileSystemSynchronizedBuildFileExceptionSet section */

/* Begin PBXFileSystemSynchronizedRootGroup section */
		E2C023442F7B58E3009B2B56 /* Spotchek */ = {
			isa = PBXFileSystemSynchronizedRootGroup;
			exceptions = (
				E2C024432F7B60C9009B2B56 /* Exceptions for "Spotchek" folder in "Spotchek" target */,
			);
			path = Spotchek;
			sourceTree = "<group>";
		};
		E2C023522F7B58E7009B2B56 /* SpotchekTests */ = {
			isa = PBXFileSystemSynchronizedRootGroup;
			path = SpotchekTests;
			sourceTree = "<group>";
		};
		E2C0235C2F7B58E7009B2B56 /* SpotchekUITests */ = {
			isa = PBXFileSystemSynchronizedRootGroup;
			path = SpotchekUITests;
			sourceTree = "<group>";
		};
/* End PBXFileSystemSynchronizedRootGroup section */

/* Begin PBXFrameworksBuildPhase section */
		E2C0233F2F7B58E3009B2B56 /* Frameworks */ = {
			isa = PBXFrameworksBuildPhase;
			buildActionMask = 2147483647;
			files = (
				E2C024402F7B5CA4009B2B56 /* RealmSwift in Frameworks */,
			);
			runOnlyForDeploymentPostprocessing = 0;
		};
		E2C0234C2F7B58E7009B2B56 /* Frameworks */ = {
			isa = PBXFrameworksBuildPhase;
			buildActionMask = 2147483647;
			files = (
			);
			runOnlyForDeploymentPostprocessing = 0;
		};
		E2C023562F7B58E7009B2B56 /* Frameworks */ = {
			isa = PBXFrameworksBuildPhase;
			buildActionMask = 2147483647;
			files = (
			);
			runOnlyForDeploymentPostprocessing = 0;
		};
/* End PBXFrameworksBuildPhase section */

/* Begin PBXGroup section */
		E2C023392F7B58E3009B2B56 = {
			isa = PBXGroup;
			children = (
				E2C023442F7B58E3009B2B56 /* Spotchek */,
				E2C023522F7B58E7009B2B56 /* SpotchekTests */,
				E2C0235C2F7B58E7009B2B56 /* SpotchekUITests */,
				E2C023432F7B58E3009B2B56 /* Products */,
			);
			sourceTree = "<group>";
		};
		E2C023432F7B58E3009B2B56 /* Products */ = {
			isa = PBXGroup;
			children = (
				E2C023422F7B58E3009B2B56 /* Spotchek.app */,
				E2C0234F2F7B58E7009B2B56 /* SpotchekTests.xctest */,
				E2C023592F7B58E7009B2B56 /* SpotchekUITests.xctest */,
			);
			name = Products;
			sourceTree = "<group>";
		};
/* End PBXGroup section */

/* Begin PBXNativeTarget section */
		E2C023412F7B58E3009B2B56 /* Spotchek */ = {
			isa = PBXNativeTarget;
			buildConfigurationList = E2C023632F7B58E7009B2B56 /* Build configuration list for PBXNativeTarget "Spotchek" */;
			buildPhases = (
				E2C0233E2F7B58E3009B2B56 /* Sources */,
				E2C0233F2F7B58E3009B2B56 /* Frameworks */,
				E2C023402F7B58E3009B2B56 /* Resources */,
				E2C024452F7B65C5009B2B56 /* Embed Frameworks */,
			);
			buildRules = (
			);
			dependencies = (
			);
			fileSystemSynchronizedGroups = (
				E2C023442F7B58E3009B2B56 /* Spotchek */,
			);
			name = Spotchek;
			packageProductDependencies = (
				E2C0243F2F7B5CA4009B2B56 /* RealmSwift */,
			);
			productName = Spotchek;
			productReference = E2C023422F7B58E3009B2B56 /* Spotchek.app */;
			productType = "com.apple.product-type.application";
		};
		E2C0234E2F7B58E7009B2B56 /* SpotchekTests */ = {
			isa = PBXNativeTarget;
			buildConfigurationList = E2C023662F7B58E7009B2B56 /* Build configuration list for PBXNativeTarget "SpotchekTests" */;
			buildPhases = (
				E2C0234B2F7B58E7009B2B56 /* Sources */,
				E2C0234C2F7B58E7009B2B56 /* Frameworks */,
				E2C0234D2F7B58E7009B2B56 /* Resources */,
			);
			buildRules = (
			);
			dependencies = (
				E2C023512F7B58E7009B2B56 /* PBXTargetDependency */,
			);
			fileSystemSynchronizedGroups = (
				E2C023522F7B58E7009B2B56 /* SpotchekTests */,
			);
			name = SpotchekTests;
			packageProductDependencies = (
			);
			productName = SpotchekTests;
			productReference = E2C0234F2F7B58E7009B2B56 /* SpotchekTests.xctest */;
			productType = "com.apple.product-type.bundle.unit-test";
		};
		E2C023582F7B58E7009B2B56 /* SpotchekUITests */ = {
			isa = PBXNativeTarget;
			buildConfigurationList = E2C023692F7B58E7009B2B56 /* Build configuration list for PBXNativeTarget "SpotchekUITests" */;
			buildPhases = (
				E2C023552F7B58E7009B2B56 /* Sources */,
				E2C023562F7B58E7009B2B56 /* Frameworks */,
				E2C023572F7B58E7009B2B56 /* Resources */,
			);
			buildRules = (
			);
			dependencies = (
				E2C0235B2F7B58E7009B2B56 /* PBXTargetDependency */,
			);
			fileSystemSynchronizedGroups = (
				E2C0235C2F7B58E7009B2B56 /* SpotchekUITests */,
			);
			name = SpotchekUITests;
			packageProductDependencies = (
			);
			productName = SpotchekUITests;
			productReference = E2C023592F7B58E7009B2B56 /* SpotchekUITests.xctest */;
			productType = "com.apple.product-type.bundle.ui-testing";
		};
/* End PBXNativeTarget section */

/* Begin PBXProject section */
		E2C0233A2F7B58E3009B2B56 /* Project object */ = {
			isa = PBXProject;
			attributes = {
				BuildIndependentTargetsInParallel = 1;
				LastSwiftUpdateCheck = 2600;
				LastUpgradeCheck = 2600;
				TargetAttributes = {
					E2C023412F7B58E3009B2B56 = {
						CreatedOnToolsVersion = 26.0.1;
					};
					E2C0234E2F7B58E7009B2B56 = {
						CreatedOnToolsVersion = 26.0.1;
						TestTargetID = E2C023412F7B58E3009B2B56;
					};
					E2C023582F7B58E7009B2B56 = {
						CreatedOnToolsVersion = 26.0.1;
						TestTargetID = E2C023412F7B58E3009B2B56;
					};
				};
			};
			buildConfigurationList = E2C0233D2F7B58E3009B2B56 /* Build configuration list for PBXProject "Spotchek" */;
			developmentRegion = en;
			hasScannedForEncodings = 0;
			knownRegions = (
				en,
				Base,
			);
			mainGroup = E2C023392F7B58E3009B2B56;
			minimizedProjectReferenceProxies = 1;
			packageReferences = (
				E2C023AC2F7B598F009B2B56 /* XCRemoteSwiftPackageReference "realm-swift" */,
			);
			preferredProjectObjectVersion = 77;
			productRefGroup = E2C023432F7B58E3009B2B56 /* Products */;
			projectDirPath = "";
			projectRoot = "";
			targets = (
				E2C023412F7B58E3009B2B56 /* Spotchek */,
				E2C0234E2F7B58E7009B2B56 /* SpotchekTests */,
				E2C023582F7B58E7009B2B56 /* SpotchekUITests */,
			);
		};
/* End PBXProject section */

/* Begin PBXResourcesBuildPhase section */
		E2C023402F7B58E3009B2B56 /* Resources */ = {
			isa = PBXResourcesBuildPhase;
			buildActionMask = 2147483647;
			files = (
			);
			runOnlyForDeploymentPostprocessing = 0;
		};
		E2C0234D2F7B58E7009B2B56 /* Resources */ = {
			isa = PBXResourcesBuildPhase;
			buildActionMask = 2147483647;
			files = (
			);
			runOnlyForDeploymentPostprocessing = 0;
		};
		E2C023572F7B58E7009B2B56 /* Resources */ = {
			isa = PBXResourcesBuildPhase;
			buildActionMask = 2147483647;
			files = (
			);
			runOnlyForDeploymentPostprocessing = 0;
		};
/* End PBXResourcesBuildPhase section */

/* Begin PBXSourcesBuildPhase section */
		E2C0233E2F7B58E3009B2B56 /* Sources */ = {
			isa = PBXSourcesBuildPhase;
			buildActionMask = 2147483647;
			files = (
			);
			runOnlyForDeploymentPostprocessing = 0;
		};
		E2C0234B2F7B58E7009B2B56 /* Sources */ = {
			isa = PBXSourcesBuildPhase;
			buildActionMask = 2147483647;
			files = (
			);
			runOnlyForDeploymentPostprocessing = 0;
		};
		E2C023552F7B58E7009B2B56 /* Sources */ = {
			isa = PBXSourcesBuildPhase;
			buildActionMask = 2147483647;
			files = (
			);
			runOnlyForDeploymentPostprocessing = 0;
		};
/* End PBXSourcesBuildPhase section */

/* Begin PBXTargetDependency section */
		E2C023512F7B58E7009B2B56 /* PBXTargetDependency */ = {
			isa = PBXTargetDependency;
			target = E2C023412F7B58E3009B2B56 /* Spotchek */;
			targetProxy = E2C023502F7B58E7009B2B56 /* PBXContainerItemProxy */;
		};
		E2C0235B2F7B58E7009B2B56 /* PBXTargetDependency */ = {
			isa = PBXTargetDependency;
			target = E2C023412F7B58E3009B2B56 /* Spotchek */;
			targetProxy = E2C0235A2F7B58E7009B2B56 /* PBXContainerItemProxy */;
		};
/* End PBXTargetDependency section */

/* Begin XCBuildConfiguration section */
		E2C023612F7B58E7009B2B56 /* Debug */ = {
			isa = XCBuildConfiguration;
			buildSettings = {
				ALWAYS_SEARCH_USER_PATHS = NO;
				ASSETCATALOG_COMPILER_GENERATE_SWIFT_ASSET_SYMBOL_EXTENSIONS = YES;
				CLANG_ANALYZER_NONNULL = YES;
				CLANG_ANALYZER_NUMBER_OBJECT_CONVERSION = YES_AGGRESSIVE;
				CLANG_CXX_LANGUAGE_STANDARD = "gnu++20";
				CLANG_ENABLE_MODULES = YES;
				CLANG_ENABLE_OBJC_ARC = YES;
				CLANG_ENABLE_OBJC_WEAK = YES;
				CLANG_WARN_BLOCK_CAPTURE_AUTORELEASING = YES;
				CLANG_WARN_BOOL_CONVERSION = YES;
				CLANG_WARN_COMMA = YES;
				CLANG_WARN_CONSTANT_CONVERSION = YES;
				CLANG_WARN_DEPRECATED_OBJC_IMPLEMENTATIONS = YES;
				CLANG_WARN_DIRECT_OBJC_ISA_USAGE = YES_ERROR;
				CLANG_WARN_DOCUMENTATION_COMMENTS = YES;
				CLANG_WARN_EMPTY_BODY = YES;
				CLANG_WARN_ENUM_CONVERSION = YES;
				CLANG_WARN_INFINITE_RECURSION = YES;
				CLANG_WARN_INT_CONVERSION = YES;
				CLANG_WARN_NON_LITERAL_NULL_CONVERSION = YES;
				CLANG_WARN_OBJC_IMPLICIT_RETAIN_SELF = YES;
				CLANG_WARN_OBJC_LITERAL_CONVERSION = YES;
				CLANG_WARN_OBJC_ROOT_CLASS = YES_ERROR;
				CLANG_WARN_QUOTED_INCLUDE_IN_FRAMEWORK_HEADER = YES;
				CLANG_WARN_RANGE_LOOP_ANALYSIS = YES;
				CLANG_WARN_STRICT_PROTOTYPES = YES;
				CLANG_WARN_SUSPICIOUS_MOVE = YES;
				CLANG_WARN_UNGUARDED_AVAILABILITY = YES_AGGRESSIVE;
				CLANG_WARN_UNREACHABLE_CODE = YES;
				CLANG_WARN__DUPLICATE_METHOD_MATCH = YES;
				COPY_PHASE_STRIP = NO;
				DEBUG_INFORMATION_FORMAT = dwarf;
				DEVELOPMENT_TEAM = 3Z4CU5KRK7;
				ENABLE_STRICT_OBJC_MSGSEND = YES;
				ENABLE_TESTABILITY = YES;
				ENABLE_USER_SCRIPT_SANDBOXING = YES;
				GCC_C_LANGUAGE_STANDARD = gnu17;
				GCC_DYNAMIC_NO_PIC = NO;
				GCC_NO_COMMON_BLOCKS = YES;
				GCC_OPTIMIZATION_LEVEL = 0;
				GCC_PREPROCESSOR_DEFINITIONS = (
					"DEBUG=1",
					"$(inherited)",
				);
				GCC_WARN_64_TO_32_BIT_CONVERSION = YES;
				GCC_WARN_ABOUT_RETURN_TYPE = YES_ERROR;
				GCC_WARN_UNDECLARED_SELECTOR = YES;
				GCC_WARN_UNINITIALIZED_AUTOS = YES_AGGRESSIVE;
				GCC_WARN_UNUSED_FUNCTION = YES;
				GCC_WARN_UNUSED_VARIABLE = YES;
				IPHONEOS_DEPLOYMENT_TARGET = 26.0;
				LOCALIZATION_PREFERS_STRING_CATALOGS = YES;
				MTL_ENABLE_DEBUG_INFO = INCLUDE_SOURCE;
				MTL_FAST_MATH = YES;
				ONLY_ACTIVE_ARCH = YES;
				SDKROOT = iphoneos;
				SWIFT_ACTIVE_COMPILATION_CONDITIONS = "DEBUG $(inherited)";
				SWIFT_OPTIMIZATION_LEVEL = "-Onone";
			};
			name = Debug;
		};
		E2C023622F7B58E7009B2B56 /* Release */ = {
			isa = XCBuildConfiguration;
			buildSettings = {
				ALWAYS_SEARCH_USER_PATHS = NO;
				ASSETCATALOG_COMPILER_GENERATE_SWIFT_ASSET_SYMBOL_EXTENSIONS = YES;
				CLANG_ANALYZER_NONNULL = YES;
				CLANG_ANALYZER_NUMBER_OBJECT_CONVERSION = YES_AGGRESSIVE;
				CLANG_CXX_LANGUAGE_STANDARD = "gnu++20";
				CLANG_ENABLE_MODULES = YES;
				CLANG_ENABLE_OBJC_ARC = YES;
				CLANG_ENABLE_OBJC_WEAK = YES;
				CLANG_WARN_BLOCK_CAPTURE_AUTORELEASING = YES;
				CLANG_WARN_BOOL_CONVERSION = YES;
				CLANG_WARN_COMMA = YES;
				CLANG_WARN_CONSTANT_CONVERSION = YES;
				CLANG_WARN_DEPRECATED_OBJC_IMPLEMENTATIONS = YES;
				CLANG_WARN_DIRECT_OBJC_ISA_USAGE = YES_ERROR;
				CLANG_WARN_DOCUMENTATION_COMMENTS = YES;
				CLANG_WARN_EMPTY_BODY = YES;
				CLANG_WARN_ENUM_CONVERSION = YES;
				CLANG_WARN_INFINITE_RECURSION = YES;
				CLANG_WARN_INT_CONVERSION = YES;
				CLANG_WARN_NON_LITERAL_NULL_CONVERSION = YES;
				CLANG_WARN_OBJC_IMPLICIT_RETAIN_SELF = YES;
				CLANG_WARN_OBJC_LITERAL_CONVERSION = YES;
				CLANG_WARN_OBJC_ROOT_CLASS = YES_ERROR;
				CLANG_WARN_QUOTED_INCLUDE_IN_FRAMEWORK_HEADER = YES;
				CLANG_WARN_RANGE_LOOP_ANALYSIS = YES;
				CLANG_WARN_STRICT_PROTOTYPES = YES;
				CLANG_WARN_SUSPICIOUS_MOVE = YES;
				CLANG_WARN_UNGUARDED_AVAILABILITY = YES_AGGRESSIVE;
				CLANG_WARN_UNREACHABLE_CODE = YES;
				CLANG_WARN__DUPLICATE_METHOD_MATCH = YES;
				COPY_PHASE_STRIP = NO;
				DEBUG_INFORMATION_FORMAT = "dwarf-with-dsym";
				DEVELOPMENT_TEAM = 3Z4CU5KRK7;
				ENABLE_NS_ASSERTIONS = NO;
				ENABLE_STRICT_OBJC_MSGSEND = YES;
				ENABLE_USER_SCRIPT_SANDBOXING = YES;
				GCC_C_LANGUAGE_STANDARD = gnu17;
				GCC_NO_COMMON_BLOCKS = YES;
				GCC_WARN_64_TO_32_BIT_CONVERSION = YES;
				GCC_WARN_ABOUT_RETURN_TYPE = YES_ERROR;
				GCC_WARN_UNDECLARED_SELECTOR = YES;
				GCC_WARN_UNINITIALIZED_AUTOS = YES_AGGRESSIVE;
				GCC_WARN_UNUSED_FUNCTION = YES;
				GCC_WARN_UNUSED_VARIABLE = YES;
				IPHONEOS_DEPLOYMENT_TARGET = 26.0;
				LOCALIZATION_PREFERS_STRING_CATALOGS = YES;
				MTL_ENABLE_DEBUG_INFO = NO;
				MTL_FAST_MATH = YES;
				SDKROOT = iphoneos;
				SWIFT_COMPILATION_MODE = wholemodule;
				VALIDATE_PRODUCT = YES;
			};
			name = Release;
		};
		E2C023642F7B58E7009B2B56 /* Debug */ = {
			isa = XCBuildConfiguration;
			buildSettings = {
				ASSETCATALOG_COMPILER_APPICON_NAME = AppIcon;
				ASSETCATALOG_COMPILER_GLOBAL_ACCENT_COLOR_NAME = AccentColor;
				CODE_SIGN_STYLE = Automatic;
				CURRENT_PROJECT_VERSION = 1;
				DEVELOPMENT_TEAM = 3Z4CU5KRK7;
				ENABLE_PREVIEWS = YES;
				GENERATE_INFOPLIST_FILE = YES;
				INFOPLIST_KEY_LSApplicationCategoryType = "";
				INFOPLIST_KEY_NSBluetoothAlwaysUsageDescription = "Bluetooth in use";
				INFOPLIST_KEY_NSBluetoothPeripheralUsageDescription = "Bluetooth in use";
				INFOPLIST_KEY_NSLocationWhenInUseUsageDescription = "Location in use";
				INFOPLIST_KEY_UIApplicationSceneManifest_Generation = YES;
				INFOPLIST_KEY_UIApplicationSupportsIndirectInputEvents = YES;
				INFOPLIST_KEY_UILaunchScreen_Generation = YES;
				INFOPLIST_KEY_UISupportedInterfaceOrientations_iPad = "UIInterfaceOrientationPortrait UIInterfaceOrientationPortraitUpsideDown UIInterfaceOrientationLandscapeLeft UIInterfaceOrientationLandscapeRight";
				INFOPLIST_KEY_UISupportedInterfaceOrientations_iPhone = "UIInterfaceOrientationPortrait UIInterfaceOrientationLandscapeLeft UIInterfaceOrientationLandscapeRight";
				LD_RUNPATH_SEARCH_PATHS = (
					"$(inherited)",
					"@executable_path/Frameworks",
				);
				MARKETING_VERSION = 1.0;
				PRODUCT_BUNDLE_IDENTIFIER = com.vinvox.Spotchek;
				PRODUCT_NAME = "$(TARGET_NAME)";
				STRING_CATALOG_GENERATE_SYMBOLS = YES;
				SWIFT_APPROACHABLE_CONCURRENCY = YES;
				SWIFT_DEFAULT_ACTOR_ISOLATION = MainActor;
				SWIFT_EMIT_LOC_STRINGS = YES;
				SWIFT_UPCOMING_FEATURE_MEMBER_IMPORT_VISIBILITY = YES;
				SWIFT_VERSION = 5.0;
				TARGETED_DEVICE_FAMILY = "1,2";
			};
			name = Debug;
		};
		E2C023652F7B58E7009B2B56 /* Release */ = {
			isa = XCBuildConfiguration;
			buildSettings = {
				ASSETCATALOG_COMPILER_APPICON_NAME = AppIcon;
				ASSETCATALOG_COMPILER_GLOBAL_ACCENT_COLOR_NAME = AccentColor;
				CODE_SIGN_STYLE = Automatic;
				CURRENT_PROJECT_VERSION = 1;
				DEVELOPMENT_TEAM = 3Z4CU5KRK7;
				ENABLE_PREVIEWS = YES;
				GENERATE_INFOPLIST_FILE = YES;
				INFOPLIST_KEY_LSApplicationCategoryType = "";
				INFOPLIST_KEY_NSBluetoothAlwaysUsageDescription = "Bluetooth in use";
				INFOPLIST_KEY_NSBluetoothPeripheralUsageDescription = "Bluetooth in use";
				INFOPLIST_KEY_NSLocationWhenInUseUsageDescription = "Location in use";
				INFOPLIST_KEY_UIApplicationSceneManifest_Generation = YES;
				INFOPLIST_KEY_UIApplicationSupportsIndirectInputEvents = YES;
				INFOPLIST_KEY_UILaunchScreen_Generation = YES;
				INFOPLIST_KEY_UISupportedInterfaceOrientations_iPad = "UIInterfaceOrientationPortrait UIInterfaceOrientationPortraitUpsideDown UIInterfaceOrientationLandscapeLeft UIInterfaceOrientationLandscapeRight";
				INFOPLIST_KEY_UISupportedInterfaceOrientations_iPhone = "UIInterfaceOrientationPortrait UIInterfaceOrientationLandscapeLeft UIInterfaceOrientationLandscapeRight";
				LD_RUNPATH_SEARCH_PATHS = (
					"$(inherited)",
					"@executable_path/Frameworks",
				);
				MARKETING_VERSION = 1.0;
				PRODUCT_BUNDLE_IDENTIFIER = com.vinvox.Spotchek;
				PRODUCT_NAME = "$(TARGET_NAME)";
				STRING_CATALOG_GENERATE_SYMBOLS = YES;
				SWIFT_APPROACHABLE_CONCURRENCY = YES;
				SWIFT_DEFAULT_ACTOR_ISOLATION = MainActor;
				SWIFT_EMIT_LOC_STRINGS = YES;
				SWIFT_UPCOMING_FEATURE_MEMBER_IMPORT_VISIBILITY = YES;
				SWIFT_VERSION = 5.0;
				TARGETED_DEVICE_FAMILY = "1,2";
			};
			name = Release;
		};
		E2C023672F7B58E7009B2B56 /* Debug */ = {
			isa = XCBuildConfiguration;
			buildSettings = {
				BUNDLE_LOADER = "$(TEST_HOST)";
				CODE_SIGN_STYLE = Automatic;
				CURRENT_PROJECT_VERSION = 1;
				DEVELOPMENT_TEAM = 3Z4CU5KRK7;
				GENERATE_INFOPLIST_FILE = YES;
				IPHONEOS_DEPLOYMENT_TARGET = 26.0;
				MARKETING_VERSION = 1.0;
				PRODUCT_BUNDLE_IDENTIFIER = com.vinvox.SpotchekTests;
				PRODUCT_NAME = "$(TARGET_NAME)";
				STRING_CATALOG_GENERATE_SYMBOLS = NO;
				SWIFT_APPROACHABLE_CONCURRENCY = YES;
				SWIFT_EMIT_LOC_STRINGS = NO;
				SWIFT_UPCOMING_FEATURE_MEMBER_IMPORT_VISIBILITY = YES;
				SWIFT_VERSION = 5.0;
				TARGETED_DEVICE_FAMILY = "1,2";
				TEST_HOST = "$(BUILT_PRODUCTS_DIR)/Spotchek.app/$(BUNDLE_EXECUTABLE_FOLDER_PATH)/Spotchek";
			};
			name = Debug;
		};
		E2C023682F7B58E7009B2B56 /* Release */ = {
			isa = XCBuildConfiguration;
			buildSettings = {
				BUNDLE_LOADER = "$(TEST_HOST)";
				CODE_SIGN_STYLE = Automatic;
				CURRENT_PROJECT_VERSION = 1;
				DEVELOPMENT_TEAM = 3Z4CU5KRK7;
				GENERATE_INFOPLIST_FILE = YES;
				IPHONEOS_DEPLOYMENT_TARGET = 26.0;
				MARKETING_VERSION = 1.0;
				PRODUCT_BUNDLE_IDENTIFIER = com.vinvox.SpotchekTests;
				PRODUCT_NAME = "$(TARGET_NAME)";
				STRING_CATALOG_GENERATE_SYMBOLS = NO;
				SWIFT_APPROACHABLE_CONCURRENCY = YES;
				SWIFT_EMIT_LOC_STRINGS = NO;
				SWIFT_UPCOMING_FEATURE_MEMBER_IMPORT_VISIBILITY = YES;
				SWIFT_VERSION = 5.0;
				TARGETED_DEVICE_FAMILY = "1,2";
				TEST_HOST = "$(BUILT_PRODUCTS_DIR)/Spotchek.app/$(BUNDLE_EXECUTABLE_FOLDER_PATH)/Spotchek";
			};
			name = Release;
		};
		E2C0236A2F7B58E7009B2B56 /* Debug */ = {
			isa = XCBuildConfiguration;
			buildSettings = {
				CODE_SIGN_STYLE = Automatic;
				CURRENT_PROJECT_VERSION = 1;
				DEVELOPMENT_TEAM = 3Z4CU5KRK7;
				GENERATE_INFOPLIST_FILE = YES;
				MARKETING_VERSION = 1.0;
				PRODUCT_BUNDLE_IDENTIFIER = com.vinvox.SpotchekUITests;
				PRODUCT_NAME = "$(TARGET_NAME)";
				STRING_CATALOG_GENERATE_SYMBOLS = NO;
				SWIFT_APPROACHABLE_CONCURRENCY = YES;
				SWIFT_EMIT_LOC_STRINGS = NO;
				SWIFT_UPCOMING_FEATURE_MEMBER_IMPORT_VISIBILITY = YES;
				SWIFT_VERSION = 5.0;
				TARGETED_DEVICE_FAMILY = "1,2";
				TEST_TARGET_NAME = Spotchek;
			};
			name = Debug;
		};
		E2C0236B2F7B58E7009B2B56 /* Release */ = {
			isa = XCBuildConfiguration;
			buildSettings = {
				CODE_SIGN_STYLE = Automatic;
				CURRENT_PROJECT_VERSION = 1;
				DEVELOPMENT_TEAM = 3Z4CU5KRK7;
				GENERATE_INFOPLIST_FILE = YES;
				MARKETING_VERSION = 1.0;
				PRODUCT_BUNDLE_IDENTIFIER = com.vinvox.SpotchekUITests;
				PRODUCT_NAME = "$(TARGET_NAME)";
				STRING_CATALOG_GENERATE_SYMBOLS = NO;
				SWIFT_APPROACHABLE_CONCURRENCY = YES;
				SWIFT_EMIT_LOC_STRINGS = NO;
				SWIFT_UPCOMING_FEATURE_MEMBER_IMPORT_VISIBILITY = YES;
				SWIFT_VERSION = 5.0;
				TARGETED_DEVICE_FAMILY = "1,2";
				TEST_TARGET_NAME = Spotchek;
			};
			name = Release;
		};
/* End XCBuildConfiguration section */

/* Begin XCConfigurationList section */
		E2C0233D2F7B58E3009B2B56 /* Build configuration list for PBXProject "Spotchek" */ = {
			isa = XCConfigurationList;
			buildConfigurations = (
				E2C023612F7B58E7009B2B56 /* Debug */,
				E2C023622F7B58E7009B2B56 /* Release */,
			);
			defaultConfigurationIsVisible = 0;
			defaultConfigurationName = Release;
		};
		E2C023632F7B58E7009B2B56 /* Build configuration list for PBXNativeTarget "Spotchek" */ = {
			isa = XCConfigurationList;
			buildConfigurations = (
				E2C023642F7B58E7009B2B56 /* Debug */,
				E2C023652F7B58E7009B2B56 /* Release */,
			);
			defaultConfigurationIsVisible = 0;
			defaultConfigurationName = Release;
		};
		E2C023662F7B58E7009B2B56 /* Build configuration list for PBXNativeTarget "SpotchekTests" */ = {
			isa = XCConfigurationList;
			buildConfigurations = (
				E2C023672F7B58E7009B2B56 /* Debug */,
				E2C023682F7B58E7009B2B56 /* Release */,
			);
			defaultConfigurationIsVisible = 0;
			defaultConfigurationName = Release;
		};
		E2C023692F7B58E7009B2B56 /* Build configuration list for PBXNativeTarget "SpotchekUITests" */ = {
			isa = XCConfigurationList;
			buildConfigurations = (
				E2C0236A2F7B58E7009B2B56 /* Debug */,
				E2C0236B2F7B58E7009B2B56 /* Release */,
			);
			defaultConfigurationIsVisible = 0;
			defaultConfigurationName = Release;
		};
/* End XCConfigurationList section */

/* Begin XCRemoteSwiftPackageReference section */
		E2C023AC2F7B598F009B2B56 /* XCRemoteSwiftPackageReference "realm-swift" */ = {
			isa = XCRemoteSwiftPackageReference;
			repositoryURL = "https://github.com/realm/realm-swift";
			requirement = {
				branch = community;
				kind = branch;
			};
		};
/* End XCRemoteSwiftPackageReference section */

/* Begin XCSwiftPackageProductDependency section */
		E2C0243F2F7B5CA4009B2B56 /* RealmSwift */ = {
			isa = XCSwiftPackageProductDependency;
			package = E2C023AC2F7B598F009B2B56 /* XCRemoteSwiftPackageReference "realm-swift" */;
			productName = RealmSwift;
		};
/* End XCSwiftPackageProductDependency section */
	};
	rootObject = E2C0233A2F7B58E3009B2B56 /* Project object */;
}
